
Microsoft Visual Studio Solution File, Format Version 12.00
# Visual Studio Version 17
VisualStudioVersion = 17.2.32526.322
MinimumVisualStudioVersion = 10.0.40219.1
Project("{FAE04EC0-301F-11D3-BF4B-00C04F79EFBC}") = "Week3.API", "Week3.API\Week3.API.csproj", "{EECC8E2C-DCAF-47F9-B6A2-EF389B198139}"
EndProject
Project("{FAE04EC0-301F-11D3-BF4B-00C04F79EFBC}") = "Week3.Data", "Week3.Data\Week3.Data.csproj", "{C1E5BE90-7255-496A-A434-9542D85D70AD}"
EndProject
Project("{FAE04EC0-301F-11D3-BF4B-00C04F79EFBC}") = "Week3.Service", "Week3.Service\Week3.Service.csproj", "{3AD61FC9-B17F-4099-8650-703B2CF59D18}"
EndProject
Global
	GlobalSection(SolutionConfigurationPlatforms) = preSolution
		Debug|Any CPU = Debug|Any CPU
		Release|Any CPU = Release|Any CPU
	EndGlobalSection
	GlobalSection(ProjectConfigurationPlatforms) = postSolution
		{EECC8E2C-DCAF-47F9-B6A2-EF389B198139}.Debug|Any CPU.ActiveCfg = Debug|Any CPU
		{EECC8E2C-DCAF-47F9-B6A2-EF389B198139}.Debug|Any CPU.Build.0 = Debug|Any CPU
		{EECC8E2C-DCAF-47F9-B6A2-EF389B198139}.Release|Any CPU.ActiveCfg = Release|Any CPU
		{EECC8E2C-DCAF-47F9-B6A2-EF389B198139}.Release|Any CPU.Build.0 = Release|Any CPU
		{C1E5BE90-7255-496A-A434-9542D85D70AD}.Debug|Any CPU.ActiveCfg = Debug|Any CPU
		{C1E5BE90-7255-496A-A434-9542D85D70AD}.Debug|Any CPU.Build.0 = Debug|Any CPU
		{C1E5BE90-7255-496A-A434-9542D85D70AD}.Release|Any CPU.ActiveCfg = Release|Any CPU
		{C1E5BE90-7255-496A-A434-9542D85D70AD}.Release|Any CPU.Build.0 = Release|Any CPU
		{3AD61FC9-B17F-4099-8650-703B2CF59D18}.Debug|Any CPU.ActiveCfg = Debug|Any CPU
		{3AD61FC9-B17F-4099-8650-703B2CF59D18}.Debug|Any CPU.Build.0 = Debug|Any CPU
		{3AD61FC9-B17F-4099-8650-703B2CF59D18}.Release|Any CPU.ActiveCfg = Release|Any CPU
		{3AD61FC9-B17F-4099-8650-703B2CF59D18}.Release|Any CPU.Build.0 = Release|Any CPU
	EndGlobalSection
	GlobalSection(SolutionProperties) = preSolution
		HideSolutionNode = FALSE
	EndGlobalSection
	GlobalSection(ExtensibilityGlobals) = postSolution
		SolutionGuid = {F12AF492-121F-48EF-97F1-02A4586FC378}
	EndGlobalSection
EndGlobal
